{
    "version": 3,
    "terraform_version": "0.7.13",
    "serial": 17,
    "lineage": "be084265-d9c9-40f3-9a2f-64b92d320b0a",
    "modules": [
        {
            "path": [
                "root"
            ],
            "outputs": {
                "subnet_1": {
                    "sensitive": false,
                    "type": "string",
                    "value": "192.168.1.0/24"
                },
                "web_private_ip": {
                    "sensitive": false,
                    "type": "string",
                    "value": "192.168.1.57"
                }
            },
            "resources": {
                "aws_instance.web": {
                    "type": "aws_instance",
                    "depends_on": [
                        "aws_subnet.subnet_1",
                        "data.aws_ami.default_ami"
                    ],
                    "primary": {
                        "id": "i-04465e7dfa2ad9f0d",
                        "attributes": {
                            "ami": "ami-e6d5d2f1",
                            "associate_public_ip_address": "false",
                            "availability_zone": "us-east-1e",
                            "disable_api_termination": "false",
                            "ebs_block_device.#": "0",
                            "ebs_optimized": "false",
                            "ephemeral_block_device.#": "0",
                            "iam_instance_profile": "",
                            "id": "i-04465e7dfa2ad9f0d",
                            "instance_state": "running",
                            "instance_type": "t2.micro",
                            "key_name": "development",
                            "monitoring": "false",
                            "network_interface_id": "eni-d40bfb3c",
                            "private_dns": "ip-192-168-1-57.ec2.internal",
                            "private_ip": "192.168.1.57",
                            "public_dns": "",
                            "public_ip": "",
                            "root_block_device.#": "1",
                            "root_block_device.0.delete_on_termination": "true",
                            "root_block_device.0.iops": "100",
                            "root_block_device.0.volume_size": "8",
                            "root_block_device.0.volume_type": "gp2",
                            "security_groups.#": "0",
                            "source_dest_check": "true",
                            "subnet_id": "subnet-6fd47a53",
                            "tags.%": "2",
                            "tags.Environment": "development",
                            "tags.Name": "web",
                            "tenancy": "default",
                            "vpc_security_group_ids.#": "1",
                            "vpc_security_group_ids.3887140845": "sg-bceacac1"
                        },
                        "meta": {
                            "schema_version": "1"
                        },
                        "tainted": false
                    },
                    "deposed": [],
                    "provider": ""
                },
                "aws_internet_gateway.default_ig": {
                    "type": "aws_internet_gateway",
                    "depends_on": [
                        "aws_vpc.vpc"
                    ],
                    "primary": {
                        "id": "igw-1d5fc17a",
                        "attributes": {
                            "id": "igw-1d5fc17a",
                            "tags.%": "2",
                            "tags.Environment": "development",
                            "tags.Name": "internet gateway | development",
                            "vpc_id": "vpc-21cf1d47"
                        },
                        "meta": {},
                        "tainted": false
                    },
                    "deposed": [],
                    "provider": ""
                },
                "aws_subnet.subnet_1": {
                    "type": "aws_subnet",
                    "depends_on": [
                        "aws_vpc.vpc"
                    ],
                    "primary": {
                        "id": "subnet-6fd47a53",
                        "attributes": {
                            "availability_zone": "us-east-1e",
                            "cidr_block": "192.168.1.0/24",
                            "id": "subnet-6fd47a53",
                            "map_public_ip_on_launch": "false",
                            "tags.%": "2",
                            "tags.Environment": "development",
                            "tags.Name": "subnet | development",
                            "vpc_id": "vpc-21cf1d47"
                        },
                        "meta": {},
                        "tainted": false
                    },
                    "deposed": [],
                    "provider": ""
                },
                "aws_vpc.vpc": {
                    "type": "aws_vpc",
                    "depends_on": [],
                    "primary": {
                        "id": "vpc-21cf1d47",
                        "attributes": {
                            "cidr_block": "192.168.0.0/16",
                            "default_network_acl_id": "acl-df3da3b9",
                            "default_route_table_id": "rtb-5909003f",
                            "default_security_group_id": "sg-bceacac1",
                            "dhcp_options_id": "dopt-de71e6bb",
                            "enable_classiclink": "false",
                            "enable_dns_hostnames": "false",
                            "enable_dns_support": "true",
                            "id": "vpc-21cf1d47",
                            "instance_tenancy": "default",
                            "main_route_table_id": "rtb-5909003f",
                            "tags.%": "2",
                            "tags.Environment": "development",
                            "tags.Name": "vpc | development"
                        },
                        "meta": {},
                        "tainted": false
                    },
                    "deposed": [],
                    "provider": ""
                },
                "data.aws_ami.default_ami": {
                    "type": "aws_ami",
                    "depends_on": [],
                    "primary": {
                        "id": "ami-e6d5d2f1",
                        "attributes": {
                            "architecture": "x86_64",
                            "block_device_mappings.#": "3",
                            "block_device_mappings.1634610537.device_name": "/dev/sdb",
                            "block_device_mappings.1634610537.ebs.%": "0",
                            "block_device_mappings.1634610537.no_device": "",
                            "block_device_mappings.1634610537.virtual_name": "ephemeral0",
                            "block_device_mappings.2547816212.device_name": "/dev/sda1",
                            "block_device_mappings.2547816212.ebs.%": "6",
                            "block_device_mappings.2547816212.ebs.delete_on_termination": "true",
                            "block_device_mappings.2547816212.ebs.encrypted": "false",
                            "block_device_mappings.2547816212.ebs.iops": "0",
                            "block_device_mappings.2547816212.ebs.snapshot_id": "snap-f9abd249",
                            "block_device_mappings.2547816212.ebs.volume_size": "8",
                            "block_device_mappings.2547816212.ebs.volume_type": "gp2",
                            "block_device_mappings.2547816212.no_device": "",
                            "block_device_mappings.2547816212.virtual_name": "",
                            "block_device_mappings.3850042718.device_name": "/dev/sdc",
                            "block_device_mappings.3850042718.ebs.%": "0",
                            "block_device_mappings.3850042718.no_device": "",
                            "block_device_mappings.3850042718.virtual_name": "ephemeral1",
                            "creation_date": "2016-12-06T17:20:32.000Z",
                            "filter.#": "1",
                            "filter.2708372992.name": "name",
                            "filter.2708372992.values.#": "1",
                            "filter.2708372992.values.0": "ubuntu/images/hvm-ssd/ubuntu-xenial-16.04-amd64-server*",
                            "hypervisor": "xen",
                            "id": "ami-e6d5d2f1",
                            "image_id": "ami-e6d5d2f1",
                            "image_location": "099720109477/ubuntu/images/hvm-ssd/ubuntu-xenial-16.04-amd64-server-20161205",
                            "image_type": "machine",
                            "most_recent": "true",
                            "name": "ubuntu/images/hvm-ssd/ubuntu-xenial-16.04-amd64-server-20161205",
                            "owner_id": "099720109477",
                            "product_codes.#": "0",
                            "public": "true",
                            "root_device_name": "/dev/sda1",
                            "root_device_type": "ebs",
                            "sriov_net_support": "simple",
                            "state": "available",
                            "state_reason.%": "2",
                            "state_reason.code": "UNSET",
                            "state_reason.message": "UNSET",
                            "tags.#": "0",
                            "virtualization_type": "hvm"
                        },
                        "meta": {},
                        "tainted": false
                    },
                    "deposed": [],
                    "provider": ""
                }
            },
            "depends_on": []
        }
    ]
}
